
Microsoft Visual Studio Solution File, Format Version 12.00
# Visual Studio Version 17
VisualStudioVersion = 17.1.32414.318
MinimumVisualStudioVersion = 10.0.40219.1
Project("{FAE04EC0-301F-11D3-BF4B-00C04F79EFBC}") = "MoodAnalyzerProblem", "MoodAnalyzerProblem.csproj", "{072B73FA-137D-45F9-9258-DA99E7B66C7C}"
EndProject
Global
	GlobalSection(SolutionConfigurationPlatforms) = preSolution
		Debug|Any CPU = Debug|Any CPU
		Release|Any CPU = Release|Any CPU
	EndGlobalSection
	GlobalSection(ProjectConfigurationPlatforms) = postSolution
		{072B73FA-137D-45F9-9258-DA99E7B66C7C}.Debug|Any CPU.ActiveCfg = Debug|Any CPU
		{072B73FA-137D-45F9-9258-DA99E7B66C7C}.Debug|Any CPU.Build.0 = Debug|Any CPU
		{072B73FA-137D-45F9-9258-DA99E7B66C7C}.Release|Any CPU.ActiveCfg = Release|Any CPU
		{072B73FA-137D-45F9-9258-DA99E7B66C7C}.Release|Any CPU.Build.0 = Release|Any CPU
	EndGlobalSection
	GlobalSection(SolutionProperties) = preSolution
		HideSolutionNode = FALSE
	EndGlobalSection
	GlobalSection(ExtensibilityGlobals) = postSolution
		SolutionGuid = {261DF3EC-EC3A-478A-A6AE-6FD8CE08A20E}
	EndGlobalSection
EndGlobal
